// !$*UTF8*$!
{
	archiveVersion = 1;
	classes = {
	};
	objectVersion = 50;
	objects = {

/* Begin PBXBuildFile section */
		43A0F3AE2480DBD20036E4CE /* AppDelegate.swift in Sources */ = {isa = PBXBuildFile; fileRef = 43A0F3AD2480DBD20036E4CE /* AppDelegate.swift */; };
		43A0F3B02480DBD20036E4CE /* SceneDelegate.swift in Sources */ = {isa = PBXBuildFile; fileRef = 43A0F3AF2480DBD20036E4CE /* SceneDelegate.swift */; };
		43A0F3B22480DBD20036E4CE /* ViewController.swift in Sources */ = {isa = PBXBuildFile; fileRef = 43A0F3B12480DBD20036E4CE /* ViewController.swift */; };
		43A0F3B52480DBD20036E4CE /* Main.storyboard in Resources */ = {isa = PBXBuildFile; fileRef = 43A0F3B32480DBD20036E4CE /* Main.storyboard */; };
		43A0F3B72480DBD30036E4CE /* Assets.xcassets in Resources */ = {isa = PBXBuildFile; fileRef = 43A0F3B62480DBD30036E4CE /* Assets.xcassets */; };
		43A0F3BA2480DBD30036E4CE /* LaunchScreen.storyboard in Resources */ = {isa = PBXBuildFile; fileRef = 43A0F3B82480DBD30036E4CE /* LaunchScreen.storyboard */; };
		43C6582A2484C6B3002039AB /* RGBWikiController.swift in Sources */ = {isa = PBXBuildFile; fileRef = 43C658292484C6B3002039AB /* RGBWikiController.swift */; };
/* End PBXBuildFile section */

/* Begin PBXFileReference section */
		43A0F3AA2480DBD20036E4CE /* RGB Color Picker.app */ = {isa = PBXFileReference; explicitFileType = wrapper.application; includeInIndex = 0; path = "RGB Color Picker.app"; sourceTree = BUILT_PRODUCTS_DIR; };
		43A0F3AD2480DBD20036E4CE /* AppDelegate.swift */ = {isa = PBXFileReference; lastKnownFileType = sourcecode.swift; path = AppDelegate.swift; sourceTree = "<group>"; };
		43A0F3AF2480DBD20036E4CE /* SceneDelegate.swift */ = {isa = PBXFileReference; lastKnownFileType = sourcecode.swift; path = SceneDelegate.swift; sourceTree = "<group>"; };
		43A0F3B12480DBD20036E4CE /* ViewController.swift */ = {isa = PBXFileReference; lastKnownFileType = sourcecode.swift; path = ViewController.swift; sourceTree = "<group>"; };
		43A0F3B42480DBD20036E4CE /* Base */ = {isa = PBXFileReference; lastKnownFileType = file.storyboard; name = Base; path = Base.lproj/Main.storyboard; sourceTree = "<group>"; };
		43A0F3B62480DBD30036E4CE /* Assets.xcassets */ = {isa = PBXFileReference; lastKnownFileType = folder.assetcatalog; path = Assets.xcassets; sourceTree = "<group>"; };
		43A0F3B92480DBD30036E4CE /* Base */ = {isa = PBXFileReference; lastKnownFileType = file.storyboard; name = Base; path = Base.lproj/LaunchScreen.storyboard; sourceTree = "<group>"; };
		43A0F3BB2480DBD30036E4CE /* Info.plist */ = {isa = PBXFileReference; lastKnownFileType = text.plist.xml; path = Info.plist; sourceTree = "<group>"; };
		43C658292484C6B3002039AB /* RGBWikiController.swift */ = {isa = PBXFileReference; lastKnownFileType = sourcecode.swift; path = RGBWikiController.swift; sourceTree = "<group>"; };
/* End PBXFileReference section */

/* Begin PBXFrameworksBuildPhase section */
		43A0F3A72480DBD20036E4CE /* Frameworks */ = {
			isa = PBXFrameworksBuildPhase;
			buildActionMask = 2147483647;
			files = (
			);
			runOnlyForDeploymentPostprocessing = 0;
		};
/* End PBXFrameworksBuildPhase section */

/* Begin PBXGroup section */
		43A0F3A12480DBD20036E4CE = {
			isa = PBXGroup;
			children = (
				43A0F3AC2480DBD20036E4CE /* RGB Color Picker */,
				43A0F3AB2480DBD20036E4CE /* Products */,
			);
			sourceTree = "<group>";
		};
		43A0F3AB2480DBD20036E4CE /* Products */ = {
			isa = PBXGroup;
			children = (
				43A0F3AA2480DBD20036E4CE /* RGB Color Picker.app */,
			);
			name = Products;
			sourceTree = "<group>";
		};
		43A0F3AC2480DBD20036E4CE /* RGB Color Picker */ = {
			isa = PBXGroup;
			children = (
				43A0F3AD2480DBD20036E4CE /* AppDelegate.swift */,
				43A0F3AF2480DBD20036E4CE /* SceneDelegate.swift */,
				43A0F3B12480DBD20036E4CE /* ViewController.swift */,
				43A0F3B32480DBD20036E4CE /* Main.storyboard */,
				43C658292484C6B3002039AB /* RGBWikiController.swift */,
				43A0F3B62480DBD30036E4CE /* Assets.xcassets */,
				43A0F3B82480DBD30036E4CE /* LaunchScreen.storyboard */,
				43A0F3BB2480DBD30036E4CE /* Info.plist */,
			);
			path = "RGB Color Picker";
			sourceTree = "<group>";
		};
/* End PBXGroup section */

/* Begin PBXNativeTarget section */
		43A0F3A92480DBD20036E4CE /* RGB Color Picker */ = {
			isa = PBXNativeTarget;
			buildConfigurationList = 43A0F3BE2480DBD30036E4CE /* Build configuration list for PBXNativeTarget "RGB Color Picker" */;
			buildPhases = (
				43A0F3A62480DBD20036E4CE /* Sources */,
				43A0F3A72480DBD20036E4CE /* Frameworks */,
				43A0F3A82480DBD20036E4CE /* Resources */,
			);
			buildRules = (
			);
			dependencies = (
			);
			name = "RGB Color Picker";
			productName = "RGB Color Picker";
			productReference = 43A0F3AA2480DBD20036E4CE /* RGB Color Picker.app */;
			productType = "com.apple.product-type.application";
		};
/* End PBXNativeTarget section */

/* Begin PBXProject section */
		43A0F3A22480DBD20036E4CE /* Project object */ = {
			isa = PBXProject;
			attributes = {
				LastSwiftUpdateCheck = 1150;
				LastUpgradeCheck = 1150;
				ORGANIZATIONNAME = "Andrew Lvovsky";
				TargetAttributes = {
					43A0F3A92480DBD20036E4CE = {
						CreatedOnToolsVersion = 11.5;
					};
				};
			};
			buildConfigurationList = 43A0F3A52480DBD20036E4CE /* Build configuration list for PBXProject "RGB Color Picker" */;
			compatibilityVersion = "Xcode 9.3";
			developmentRegion = en;
			hasScannedForEncodings = 0;
			knownRegions = (
				en,
				Base,
			);
			mainGroup = 43A0F3A12480DBD20036E4CE;
			productRefGroup = 43A0F3AB2480DBD20036E4CE /* Products */;
			projectDirPath = "";
			projectRoot = "";
			targets = (
				43A0F3A92480DBD20036E4CE /* RGB Color Picker */,
			);
		};
/* End PBXProject section */

/* Begin PBXResourcesBuildPhase section */
		43A0F3A82480DBD20036E4CE /* Resources */ = {
			isa = PBXResourcesBuildPhase;
			buildActionMask = 2147483647;
			files = (
				43A0F3BA2480DBD30036E4CE /* LaunchScreen.storyboard in Resources */,
				43A0F3B72480DBD30036E4CE /* Assets.xcassets in Resources */,
				43A0F3B52480DBD20036E4CE /* Main.storyboard in Resources */,
			);
			runOnlyForDeploymentPostprocessing = 0;
		};
/* End PBXResourcesBuildPhase section */

/* Begin PBXSourcesBuildPhase section */
		43A0F3A62480DBD20036E4CE /* Sources */ = {
			isa = PBXSourcesBuildPhase;
			buildActionMask = 2147483647;
			files = (
				43A0F3B22480DBD20036E4CE /* ViewController.swift in Sources */,
				43C6582A2484C6B3002039AB /* RGBWikiController.swift in Sources */,
				43A0F3AE2480DBD20036E4CE /* AppDelegate.swift in Sources */,
				43A0F3B02480DBD20036E4CE /* SceneDelegate.swift in Sources */,
			);
			runOnlyForDeploymentPostprocessing = 0;
		};
/* End PBXSourcesBuildPhase section */

/* Begin PBXVariantGroup section */
		43A0F3B32480DBD20036E4CE /* Main.storyboard */ = {
			isa = PBXVariantGroup;
			children = (
				43A0F3B42480DBD20036E4CE /* Base */,
			);
			name = Main.storyboard;
			sourceTree = "<group>";
		};
		43A0F3B82480DBD30036E4CE /* LaunchScreen.storyboard */ = {
			isa = PBXVariantGroup;
			children = (
				43A0F3B92480DBD30036E4CE /* Base */,
			);
			name = LaunchScreen.storyboard;
			sourceTree = "<group>";
		};
/* End PBXVariantGroup section */

/* Begin XCBuildConfiguration section */
		43A0F3BC2480DBD30036E4CE /* Debug */ = {
			isa = XCBuildConfiguration;
			buildSettings = {
				ALWAYS_SEARCH_USER_PATHS = NO;
				CLANG_ANALYZER_NONNULL = YES;
				CLANG_ANALYZER_NUMBER_OBJECT_CONVERSION = YES_AGGRESSIVE;
				CLANG_CXX_LANGUAGE_STANDARD = "gnu++14";
				CLANG_CXX_LIBRARY = "libc++";
				CLANG_ENABLE_MODULES = YES;
				CLANG_ENABLE_OBJC_ARC = YES;
				CLANG_ENABLE_OBJC_WEAK = YES;
				CLANG_WARN_BLOCK_CAPTURE_AUTORELEASING = YES;
				CLANG_WARN_BOOL_CONVERSION = YES;
				CLANG_WARN_COMMA = YES;
				CLANG_WARN_CONSTANT_CONVERSION = YES;
				CLANG_WARN_DEPRECATED_OBJC_IMPLEMENTATIONS = YES;
				CLANG_WARN_DIRECT_OBJC_ISA_USAGE = YES_ERROR;
				CLANG_WARN_DOCUMENTATION_COMMENTS = YES;
				CLANG_WARN_EMPTY_BODY = YES;
				CLANG_WARN_ENUM_CONVERSION = YES;
				CLANG_WARN_INFINITE_RECURSION = YES;
				CLANG_WARN_INT_CONVERSION = YES;
				CLANG_WARN_NON_LITERAL_NULL_CONVERSION = YES;
				CLANG_WARN_OBJC_IMPLICIT_RETAIN_SELF = YES;
				CLANG_WARN_OBJC_LITERAL_CONVERSION = YES;
				CLANG_WARN_OBJC_ROOT_CLASS = YES_ERROR;
				CLANG_WARN_RANGE_LOOP_ANALYSIS = YES;
				CLANG_WARN_STRICT_PROTOTYPES = YES;
				CLANG_WARN_SUSPICIOUS_MOVE = YES;
				CLANG_WARN_UNGUARDED_AVAILABILITY = YES_AGGRESSIVE;
				CLANG_WARN_UNREACHABLE_CODE = YES;
				CLANG_WARN__DUPLICATE_METHOD_MATCH = YES;
				COPY_PHASE_STRIP = NO;
				DEBUG_INFORMATION_FORMAT = dwarf;
				ENABLE_STRICT_OBJC_MSGSEND = YES;
				ENABLE_TESTABILITY = YES;
				GCC_C_LANGUAGE_STANDARD = gnu11;
				GCC_DYNAMIC_NO_PIC = NO;
				GCC_NO_COMMON_BLOCKS = YES;
				GCC_OPTIMIZATION_LEVEL = 0;
				GCC_PREPROCESSOR_DEFINITIONS = (
					"DEBUG=1",
					"$(inherited)",
				);
				GCC_WARN_64_TO_32_BIT_CONVERSION = YES;
				GCC_WARN_ABOUT_RETURN_TYPE = YES_ERROR;
				GCC_WARN_UNDECLARED_SELECTOR = YES;
				GCC_WARN_UNINITIALIZED_AUTOS = YES_AGGRESSIVE;
				GCC_WARN_UNUSED_FUNCTION = YES;
				GCC_WARN_UNUSED_VARIABLE = YES;
				IPHONEOS_DEPLOYMENT_TARGET = 13.5;
				MTL_ENABLE_DEBUG_INFO = INCLUDE_SOURCE;
				MTL_FAST_MATH = YES;
				ONLY_ACTIVE_ARCH = YES;
				SDKROOT = iphoneos;
				SWIFT_ACTIVE_COMPILATION_CONDITIONS = DEBUG;
				SWIFT_OPTIMIZATION_LEVEL = "-Onone";
			};
			name = Debug;
		};
		43A0F3BD2480DBD30036E4CE /* Release */ = {
			isa = XCBuildConfiguration;
			buildSettings = {
				ALWAYS_SEARCH_USER_PATHS = NO;
				CLANG_ANALYZER_NONNULL = YES;
				CLANG_ANALYZER_NUMBER_OBJECT_CONVERSION = YES_AGGRESSIVE;
				CLANG_CXX_LANGUAGE_STANDARD = "gnu++14";
				CLANG_CXX_LIBRARY = "libc++";
				CLANG_ENABLE_MODULES = YES;
				CLANG_ENABLE_OBJC_ARC = YES;
				CLANG_ENABLE_OBJC_WEAK = YES;
				CLANG_WARN_BLOCK_CAPTURE_AUTORELEASING = YES;
				CLANG_WARN_BOOL_CONVERSION = YES;
				CLANG_WARN_COMMA = YES;
				CLANG_WARN_CONSTANT_CONVERSION = YES;
				CLANG_WARN_DEPRECATED_OBJC_IMPLEMENTATIONS = YES;
				CLANG_WARN_DIRECT_OBJC_ISA_USAGE = YES_ERROR;
				CLANG_WARN_DOCUMENTATION_COMMENTS = YES;
				CLANG_WARN_EMPTY_BODY = YES;
				CLANG_WARN_ENUM_CONVERSION = YES;
				CLANG_WARN_INFINITE_RECURSION = YES;
				CLANG_WARN_INT_CONVERSION = YES;
				CLANG_WARN_NON_LITERAL_NULL_CONVERSION = YES;
				CLANG_WARN_OBJC_IMPLICIT_RETAIN_SELF = YES;
				CLANG_WARN_OBJC_LITERAL_CONVERSION = YES;
				CLANG_WARN_OBJC_ROOT_CLASS = YES_ERROR;
				CLANG_WARN_RANGE_LOOP_ANALYSIS = YES;
				CLANG_WARN_STRICT_PROTOTYPES = YES;
				CLANG_WARN_SUSPICIOUS_MOVE = YES;
				CLANG_WARN_UNGUARDED_AVAILABILITY = YES_AGGRESSIVE;
				CLANG_WARN_UNREACHABLE_CODE = YES;
				CLANG_WARN__DUPLICATE_METHOD_MATCH = YES;
				COPY_PHASE_STRIP = NO;
				DEBUG_INFORMATION_FORMAT = "dwarf-with-dsym";
				ENABLE_NS_ASSERTIONS = NO;
				ENABLE_STRICT_OBJC_MSGSEND = YES;
				GCC_C_LANGUAGE_STANDARD = gnu11;
				GCC_NO_COMMON_BLOCKS = YES;
				GCC_WARN_64_TO_32_BIT_CONVERSION = YES;
				GCC_WARN_ABOUT_RETURN_TYPE = YES_ERROR;
				GCC_WARN_UNDECLARED_SELECTOR = YES;
				GCC_WARN_UNINITIALIZED_AUTOS = YES_AGGRESSIVE;
				GCC_WARN_UNUSED_FUNCTION = YES;
				GCC_WARN_UNUSED_VARIABLE = YES;
				IPHONEOS_DEPLOYMENT_TARGET = 13.5;
				MTL_ENABLE_DEBUG_INFO = NO;
				MTL_FAST_MATH = YES;
				SDKROOT = iphoneos;
				SWIFT_COMPILATION_MODE = wholemodule;
				SWIFT_OPTIMIZATION_LEVEL = "-O";
				VALIDATE_PRODUCT = YES;
			};
			name = Release;
		};
		43A0F3BF2480DBD30036E4CE /* Debug */ = {
			isa = XCBuildConfiguration;
			buildSettings = {
				ASSETCATALOG_COMPILER_APPICON_NAME = AppIcon;
				CODE_SIGN_STYLE = Automatic;
				DEVELOPMENT_TEAM = Z4V74C49Z2;
				INFOPLIST_FILE = "RGB Color Picker/Info.plist";
				LD_RUNPATH_SEARCH_PATHS = (
					"$(inherited)",
					"@executable_path/Frameworks",
				);
				PRODUCT_BUNDLE_IDENTIFIER = "com.andrewlvovsky.RGB-Color-Picker";
				PRODUCT_NAME = "$(TARGET_NAME)";
				SWIFT_VERSION = 5.0;
				TARGETED_DEVICE_FAMILY = "1,2";
			};
			name = Debug;
		};
		43A0F3C02480DBD30036E4CE /* Release */ = {
			isa = XCBuildConfiguration;
			buildSettings = {
				ASSETCATALOG_COMPILER_APPICON_NAME = AppIcon;
				CODE_SIGN_STYLE = Automatic;
				DEVELOPMENT_TEAM = Z4V74C49Z2;
				INFOPLIST_FILE = "RGB Color Picker/Info.plist";
				LD_RUNPATH_SEARCH_PATHS = (
					"$(inherited)",
					"@executable_path/Frameworks",
				);
				PRODUCT_BUNDLE_IDENTIFIER = "com.andrewlvovsky.RGB-Color-Picker";
				PRODUCT_NAME = "$(TARGET_NAME)";
				SWIFT_VERSION = 5.0;
				TARGETED_DEVICE_FAMILY = "1,2";
			};
			name = Release;
		};
/* End XCBuildConfiguration section */

/* Begin XCConfigurationList section */
		43A0F3A52480DBD20036E4CE /* Build configuration list for PBXProject "RGB Color Picker" */ = {
			isa = XCConfigurationList;
			buildConfigurations = (
				43A0F3BC2480DBD30036E4CE /* Debug */,
				43A0F3BD2480DBD30036E4CE /* Release */,
			);
			defaultConfigurationIsVisible = 0;
			defaultConfigurationName = Release;
		};
		43A0F3BE2480DBD30036E4CE /* Build configuration list for PBXNativeTarget "RGB Color Picker" */ = {
			isa = XCConfigurationList;
			buildConfigurations = (
				43A0F3BF2480DBD30036E4CE /* Debug */,
				43A0F3C02480DBD30036E4CE /* Release */,
			);
			defaultConfigurationIsVisible = 0;
			defaultConfigurationName = Release;
		};
/* End XCConfigurationList section */
	};
	rootObject = 43A0F3A22480DBD20036E4CE /* Project object */;
}
